
Microsoft Visual Studio Solution File, Format Version 12.00
# Visual Studio Version 17
VisualStudioVersion = 17.2.32526.322
MinimumVisualStudioVersion = 10.0.40219.1
Project("{FAE04EC0-301F-11D3-BF4B-00C04F79EFBC}") = "TravelTripProje", "TravelTripProje\TravelTripProje.csproj", "{8DC5376C-9EFF-444A-9C5B-3C34D7FB1929}"
EndProject
Global
	GlobalSection(SolutionConfigurationPlatforms) = preSolution
		Debug|Any CPU = Debug|Any CPU
		Release|Any CPU = Release|Any CPU
	EndGlobalSection
	GlobalSection(ProjectConfigurationPlatforms) = postSolution
		{8DC5376C-9EFF-444A-9C5B-3C34D7FB1929}.Debug|Any CPU.ActiveCfg = Debug|Any CPU
		{8DC5376C-9EFF-444A-9C5B-3C34D7FB1929}.Debug|Any CPU.Build.0 = Debug|Any CPU
		{8DC5376C-9EFF-444A-9C5B-3C34D7FB1929}.Release|Any CPU.ActiveCfg = Release|Any CPU
		{8DC5376C-9EFF-444A-9C5B-3C34D7FB1929}.Release|Any CPU.Build.0 = Release|Any CPU
	EndGlobalSection
	GlobalSection(SolutionProperties) = preSolution
		HideSolutionNode = FALSE
	EndGlobalSection
	GlobalSection(ExtensibilityGlobals) = postSolution
		SolutionGuid = {AB0213F1-E8C6-443D-ABD4-B77B137E2C08}
	EndGlobalSection
EndGlobal
